// !$*UTF8*$!
{
	archiveVersion = 1;
	classes = {
	};
	objectVersion = 52;
	objects = {

/* Begin PBXBuildFile section */
		CD04EF9626E3A3C7002CA116 /* RootTabs.swift in Sources */ = {isa = PBXBuildFile; fileRef = CD04EF9526E3A3C7002CA116 /* RootTabs.swift */; };
		CD04EF9826E3A4C5002CA116 /* SearchScreen.swift in Sources */ = {isa = PBXBuildFile; fileRef = CD04EF9726E3A4C5002CA116 /* SearchScreen.swift */; };
		CD04EF9D26E3A6C7002CA116 /* FiltersView.swift in Sources */ = {isa = PBXBuildFile; fileRef = CD04EF9C26E3A6C7002CA116 /* FiltersView.swift */; };
		CD04EFA026E3A764002CA116 /* SearchHistoryView.swift in Sources */ = {isa = PBXBuildFile; fileRef = CD04EF9F26E3A764002CA116 /* SearchHistoryView.swift */; };
		CD0B8C6C2709B07F002247E8 /* FiltersViewModel.swift in Sources */ = {isa = PBXBuildFile; fileRef = CD0B8C6B2709B07E002247E8 /* FiltersViewModel.swift */; };
		CD0B8C702709B109002247E8 /* QueryBuilder.swift in Sources */ = {isa = PBXBuildFile; fileRef = CD0B8C6F2709B109002247E8 /* QueryBuilder.swift */; };
		CD0B8C752709C30C002247E8 /* Date+iso8601.swift in Sources */ = {isa = PBXBuildFile; fileRef = CD0B8C742709C30C002247E8 /* Date+iso8601.swift */; };
		CD0B8C79270B1271002247E8 /* PartialSheet in Frameworks */ = {isa = PBXBuildFile; productRef = CD0B8C78270B1271002247E8 /* PartialSheet */; };
		CD66CE4926E49E3B0011828A /* SelectorButton.swift in Sources */ = {isa = PBXBuildFile; fileRef = CD66CE4826E49E3B0011828A /* SelectorButton.swift */; };
		CD66CE4B26E4A3AE0011828A /* DateSelectorButton.swift in Sources */ = {isa = PBXBuildFile; fileRef = CD66CE4A26E4A3AE0011828A /* DateSelectorButton.swift */; };
		CD66CE4D26E4AA2A0011828A /* ActionButton.swift in Sources */ = {isa = PBXBuildFile; fileRef = CD66CE4C26E4AA2A0011828A /* ActionButton.swift */; };
		CD66CE5226E628CF0011828A /* InputButton.swift in Sources */ = {isa = PBXBuildFile; fileRef = CD66CE5126E628CF0011828A /* InputButton.swift */; };
		CD66CE5626E71E860011828A /* TrainSuggest.swift in Sources */ = {isa = PBXBuildFile; fileRef = CD66CE5526E71E860011828A /* TrainSuggest.swift */; };
		CD66CE5826E727F90011828A /* TextInput.swift in Sources */ = {isa = PBXBuildFile; fileRef = CD66CE5726E727F90011828A /* TextInput.swift */; };
		CD959AA326E397EC00F31FAA /* LipaPlannerApp.swift in Sources */ = {isa = PBXBuildFile; fileRef = CD959AA226E397EC00F31FAA /* LipaPlannerApp.swift */; };
		CD959AA726E397EF00F31FAA /* Assets.xcassets in Resources */ = {isa = PBXBuildFile; fileRef = CD959AA626E397EF00F31FAA /* Assets.xcassets */; };
		CD959AAA26E397EF00F31FAA /* Preview Assets.xcassets in Resources */ = {isa = PBXBuildFile; fileRef = CD959AA926E397EF00F31FAA /* Preview Assets.xcassets */; };
		CDD6A6D726EB174500BCA1E8 /* Colors.swift in Sources */ = {isa = PBXBuildFile; fileRef = CDD6A6D626EB174500BCA1E8 /* Colors.swift */; };
		CDF0EA9526EBC0FD0022A9EB /* ApiKeys.plist in Resources */ = {isa = PBXBuildFile; fileRef = CDF0EA9426EBC0FD0022A9EB /* ApiKeys.plist */; };
		CDF0EA9926F837F60022A9EB /* isIpod7.swift in Sources */ = {isa = PBXBuildFile; fileRef = CDF0EA9826F837F60022A9EB /* isIpod7.swift */; };
		CDF0EA9C26FAD9130022A9EB /* RaspSuggestGateway.swift in Sources */ = {isa = PBXBuildFile; fileRef = CDF0EA9B26FAD9130022A9EB /* RaspSuggestGateway.swift */; };
		CDF0EAA126FADBC80022A9EB /* RaspSuggestedItem.swift in Sources */ = {isa = PBXBuildFile; fileRef = CDF0EAA026FADBC80022A9EB /* RaspSuggestedItem.swift */; };
		CDF0EAA326FADFEC0022A9EB /* RaspSuggestedResponse.swift in Sources */ = {isa = PBXBuildFile; fileRef = CDF0EAA226FADFEC0022A9EB /* RaspSuggestedResponse.swift */; };
		CDF0EAA626FAE3C40022A9EB /* TrainSuggestViewModel.swift in Sources */ = {isa = PBXBuildFile; fileRef = CDF0EAA526FAE3C40022A9EB /* TrainSuggestViewModel.swift */; };
		E02530E644CCC6B949C5C967 /* Pods_LipaPlanner.framework in Frameworks */ = {isa = PBXBuildFile; fileRef = A11F4FA95AB1BCECD48FDB2A /* Pods_LipaPlanner.framework */; };
/* End PBXBuildFile section */

/* Begin PBXFileReference section */
		1832620EF5BFD42EEC0DD95F /* Pods-LipaPlanner.release.xcconfig */ = {isa = PBXFileReference; includeInIndex = 1; lastKnownFileType = text.xcconfig; name = "Pods-LipaPlanner.release.xcconfig"; path = "Target Support Files/Pods-LipaPlanner/Pods-LipaPlanner.release.xcconfig"; sourceTree = "<group>"; };
		557D92D72E46DBB81A2305D5 /* Pods-LipaPlanner.debug.xcconfig */ = {isa = PBXFileReference; includeInIndex = 1; lastKnownFileType = text.xcconfig; name = "Pods-LipaPlanner.debug.xcconfig"; path = "Target Support Files/Pods-LipaPlanner/Pods-LipaPlanner.debug.xcconfig"; sourceTree = "<group>"; };
		A11F4FA95AB1BCECD48FDB2A /* Pods_LipaPlanner.framework */ = {isa = PBXFileReference; explicitFileType = wrapper.framework; includeInIndex = 0; path = Pods_LipaPlanner.framework; sourceTree = BUILT_PRODUCTS_DIR; };
		CD04EF9526E3A3C7002CA116 /* RootTabs.swift */ = {isa = PBXFileReference; lastKnownFileType = sourcecode.swift; path = RootTabs.swift; sourceTree = "<group>"; };
		CD04EF9726E3A4C5002CA116 /* SearchScreen.swift */ = {isa = PBXFileReference; lastKnownFileType = sourcecode.swift; path = SearchScreen.swift; sourceTree = "<group>"; };
		CD04EF9C26E3A6C7002CA116 /* FiltersView.swift */ = {isa = PBXFileReference; lastKnownFileType = sourcecode.swift; path = FiltersView.swift; sourceTree = "<group>"; };
		CD04EF9F26E3A764002CA116 /* SearchHistoryView.swift */ = {isa = PBXFileReference; lastKnownFileType = sourcecode.swift; path = SearchHistoryView.swift; sourceTree = "<group>"; };
		CD0B8C6B2709B07E002247E8 /* FiltersViewModel.swift */ = {isa = PBXFileReference; lastKnownFileType = sourcecode.swift; path = FiltersViewModel.swift; sourceTree = "<group>"; };
		CD0B8C6F2709B109002247E8 /* QueryBuilder.swift */ = {isa = PBXFileReference; lastKnownFileType = sourcecode.swift; path = QueryBuilder.swift; sourceTree = "<group>"; };
		CD0B8C742709C30C002247E8 /* Date+iso8601.swift */ = {isa = PBXFileReference; lastKnownFileType = sourcecode.swift; path = "Date+iso8601.swift"; sourceTree = "<group>"; };
		CD66CE4826E49E3B0011828A /* SelectorButton.swift */ = {isa = PBXFileReference; lastKnownFileType = sourcecode.swift; path = SelectorButton.swift; sourceTree = "<group>"; };
		CD66CE4A26E4A3AE0011828A /* DateSelectorButton.swift */ = {isa = PBXFileReference; lastKnownFileType = sourcecode.swift; path = DateSelectorButton.swift; sourceTree = "<group>"; };
		CD66CE4C26E4AA2A0011828A /* ActionButton.swift */ = {isa = PBXFileReference; lastKnownFileType = sourcecode.swift; path = ActionButton.swift; sourceTree = "<group>"; };
		CD66CE5126E628CF0011828A /* InputButton.swift */ = {isa = PBXFileReference; lastKnownFileType = sourcecode.swift; path = InputButton.swift; sourceTree = "<group>"; };
		CD66CE5526E71E860011828A /* TrainSuggest.swift */ = {isa = PBXFileReference; lastKnownFileType = sourcecode.swift; path = TrainSuggest.swift; sourceTree = "<group>"; };
		CD66CE5726E727F90011828A /* TextInput.swift */ = {isa = PBXFileReference; lastKnownFileType = sourcecode.swift; path = TextInput.swift; sourceTree = "<group>"; };
		CD959A9F26E397EC00F31FAA /* LipaPlanner.app */ = {isa = PBXFileReference; explicitFileType = wrapper.application; includeInIndex = 0; path = LipaPlanner.app; sourceTree = BUILT_PRODUCTS_DIR; };
		CD959AA226E397EC00F31FAA /* LipaPlannerApp.swift */ = {isa = PBXFileReference; lastKnownFileType = sourcecode.swift; path = LipaPlannerApp.swift; sourceTree = "<group>"; };
		CD959AA626E397EF00F31FAA /* Assets.xcassets */ = {isa = PBXFileReference; lastKnownFileType = folder.assetcatalog; path = Assets.xcassets; sourceTree = "<group>"; };
		CD959AA926E397EF00F31FAA /* Preview Assets.xcassets */ = {isa = PBXFileReference; lastKnownFileType = folder.assetcatalog; path = "Preview Assets.xcassets"; sourceTree = "<group>"; };
		CD959AAB26E397EF00F31FAA /* Info.plist */ = {isa = PBXFileReference; lastKnownFileType = text.plist.xml; path = Info.plist; sourceTree = "<group>"; };
		CDD6A6D626EB174500BCA1E8 /* Colors.swift */ = {isa = PBXFileReference; lastKnownFileType = sourcecode.swift; path = Colors.swift; sourceTree = "<group>"; };
		CDF0EA9426EBC0FD0022A9EB /* ApiKeys.plist */ = {isa = PBXFileReference; fileEncoding = 4; lastKnownFileType = text.plist.xml; name = ApiKeys.plist; path = "../../lipa-api-keys/ApiKeys.plist"; sourceTree = "<group>"; };
		CDF0EA9826F837F60022A9EB /* isIpod7.swift */ = {isa = PBXFileReference; lastKnownFileType = sourcecode.swift; path = isIpod7.swift; sourceTree = "<group>"; };
		CDF0EA9B26FAD9130022A9EB /* RaspSuggestGateway.swift */ = {isa = PBXFileReference; lastKnownFileType = sourcecode.swift; path = RaspSuggestGateway.swift; sourceTree = "<group>"; };
		CDF0EAA026FADBC80022A9EB /* RaspSuggestedItem.swift */ = {isa = PBXFileReference; lastKnownFileType = sourcecode.swift; path = RaspSuggestedItem.swift; sourceTree = "<group>"; };
		CDF0EAA226FADFEC0022A9EB /* RaspSuggestedResponse.swift */ = {isa = PBXFileReference; lastKnownFileType = sourcecode.swift; path = RaspSuggestedResponse.swift; sourceTree = "<group>"; };
		CDF0EAA526FAE3C40022A9EB /* TrainSuggestViewModel.swift */ = {isa = PBXFileReference; lastKnownFileType = sourcecode.swift; path = TrainSuggestViewModel.swift; sourceTree = "<group>"; };
/* End PBXFileReference section */

/* Begin PBXFrameworksBuildPhase section */
		CD959A9C26E397EC00F31FAA /* Frameworks */ = {
			isa = PBXFrameworksBuildPhase;
			buildActionMask = 2147483647;
			files = (
				CD0B8C79270B1271002247E8 /* PartialSheet in Frameworks */,
				E02530E644CCC6B949C5C967 /* Pods_LipaPlanner.framework in Frameworks */,
			);
			runOnlyForDeploymentPostprocessing = 0;
		};
/* End PBXFrameworksBuildPhase section */

/* Begin PBXGroup section */
		41627A059738FCD905375E55 /* Pods */ = {
			isa = PBXGroup;
			children = (
				557D92D72E46DBB81A2305D5 /* Pods-LipaPlanner.debug.xcconfig */,
				1832620EF5BFD42EEC0DD95F /* Pods-LipaPlanner.release.xcconfig */,
			);
			path = Pods;
			sourceTree = "<group>";
		};
		4FDFC2222530092B2BD3106F /* Frameworks */ = {
			isa = PBXGroup;
			children = (
				A11F4FA95AB1BCECD48FDB2A /* Pods_LipaPlanner.framework */,
			);
			name = Frameworks;
			sourceTree = "<group>";
		};
		CD04EF8926E39CD5002CA116 /* Source */ = {
			isa = PBXGroup;
			children = (
				CDD6A6D526EB173000BCA1E8 /* Constants */,
				CD66CE4E26E52ABD0011828A /* Extentions */,
				CD04EF8F26E39DE9002CA116 /* CoreData */,
				CD04EF8E26E39D63002CA116 /* API */,
				CD04EF8D26E39D50002CA116 /* Views */,
				CD04EF8C26E39D46002CA116 /* Redux */,
				CD04EF8B26E39CFD002CA116 /* Utils */,
				CD04EF8A26E39CDD002CA116 /* Screens */,
				CD04EF9526E3A3C7002CA116 /* RootTabs.swift */,
			);
			path = Source;
			sourceTree = "<group>";
		};
		CD04EF8A26E39CDD002CA116 /* Screens */ = {
			isa = PBXGroup;
			children = (
				CD66CE4726E49DD70011828A /* Suggest */,
				CD04EF9426E39F65002CA116 /* TrainCardScreen */,
				CD04EF9326E39F3F002CA116 /* NotificationScreen */,
				CD04EF9226E39F29002CA116 /* RemindersListScreen */,
				CD04EF9126E39E8D002CA116 /* SearchScreen */,
				CD04EF9026E39E00002CA116 /* TrainsListScreen */,
			);
			path = Screens;
			sourceTree = "<group>";
		};
		CD04EF8B26E39CFD002CA116 /* Utils */ = {
			isa = PBXGroup;
			children = (
				CDF0EA9826F837F60022A9EB /* isIpod7.swift */,
			);
			path = Utils;
			sourceTree = "<group>";
		};
		CD04EF8C26E39D46002CA116 /* Redux */ = {
			isa = PBXGroup;
			children = (
			);
			path = Redux;
			sourceTree = "<group>";
		};
		CD04EF8D26E39D50002CA116 /* Views */ = {
			isa = PBXGroup;
			children = (
			);
			path = Views;
			sourceTree = "<group>";
		};
		CD04EF8E26E39D63002CA116 /* API */ = {
			isa = PBXGroup;
			children = (
			);
			path = API;
			sourceTree = "<group>";
		};
		CD04EF8F26E39DE9002CA116 /* CoreData */ = {
			isa = PBXGroup;
			children = (
			);
			path = CoreData;
			sourceTree = "<group>";
		};
		CD04EF9026E39E00002CA116 /* TrainsListScreen */ = {
			isa = PBXGroup;
			children = (
			);
			path = TrainsListScreen;
			sourceTree = "<group>";
		};
		CD04EF9126E39E8D002CA116 /* SearchScreen */ = {
			isa = PBXGroup;
			children = (
				CD04EF9926E3A689002CA116 /* Views */,
				CD04EF9726E3A4C5002CA116 /* SearchScreen.swift */,
			);
			path = SearchScreen;
			sourceTree = "<group>";
		};
		CD04EF9226E39F29002CA116 /* RemindersListScreen */ = {
			isa = PBXGroup;
			children = (
			);
			path = RemindersListScreen;
			sourceTree = "<group>";
		};
		CD04EF9326E39F3F002CA116 /* NotificationScreen */ = {
			isa = PBXGroup;
			children = (
			);
			path = NotificationScreen;
			sourceTree = "<group>";
		};
		CD04EF9426E39F65002CA116 /* TrainCardScreen */ = {
			isa = PBXGroup;
			children = (
			);
			path = TrainCardScreen;
			sourceTree = "<group>";
		};
		CD04EF9926E3A689002CA116 /* Views */ = {
			isa = PBXGroup;
			children = (
				CD04EF9B26E3A6A2002CA116 /* SearchHistoryView */,
				CD04EF9A26E3A691002CA116 /* FiltersView */,
			);
			path = Views;
			sourceTree = "<group>";
		};
		CD04EF9A26E3A691002CA116 /* FiltersView */ = {
			isa = PBXGroup;
			children = (
				CD0B8C6E2709B0EA002247E8 /* Utils */,
				CD0B8C6A2709AEE4002247E8 /* ViewModels */,
				CD0B8C6D2709B099002247E8 /* Views */,
				CD04EF9C26E3A6C7002CA116 /* FiltersView.swift */,
			);
			path = FiltersView;
			sourceTree = "<group>";
		};
		CD04EF9B26E3A6A2002CA116 /* SearchHistoryView */ = {
			isa = PBXGroup;
			children = (
				CD04EF9F26E3A764002CA116 /* SearchHistoryView.swift */,
			);
			path = SearchHistoryView;
			sourceTree = "<group>";
		};
		CD0B8C6A2709AEE4002247E8 /* ViewModels */ = {
			isa = PBXGroup;
			children = (
				CD0B8C6B2709B07E002247E8 /* FiltersViewModel.swift */,
			);
			path = ViewModels;
			sourceTree = "<group>";
		};
		CD0B8C6D2709B099002247E8 /* Views */ = {
			isa = PBXGroup;
			children = (
				CD66CE4826E49E3B0011828A /* SelectorButton.swift */,
				CD66CE4A26E4A3AE0011828A /* DateSelectorButton.swift */,
				CD66CE4C26E4AA2A0011828A /* ActionButton.swift */,
				CD66CE5126E628CF0011828A /* InputButton.swift */,
			);
			path = Views;
			sourceTree = "<group>";
		};
		CD0B8C6E2709B0EA002247E8 /* Utils */ = {
			isa = PBXGroup;
			children = (
				CD0B8C6F2709B109002247E8 /* QueryBuilder.swift */,
				CD0B8C742709C30C002247E8 /* Date+iso8601.swift */,
			);
			path = Utils;
			sourceTree = "<group>";
		};
		CD66CE4726E49DD70011828A /* Suggest */ = {
			isa = PBXGroup;
			children = (
				CDF0EAA426FAE3AD0022A9EB /* ViewModels */,
				CDF0EA9D26FADB010022A9EB /* Entities */,
				CDF0EA9A26FAD8590022A9EB /* Gateways */,
				CDD6A6D226E9C99700BCA1E8 /* Views */,
				CD66CE5526E71E860011828A /* TrainSuggest.swift */,
			);
			path = Suggest;
			sourceTree = "<group>";
		};
		CD66CE4E26E52ABD0011828A /* Extentions */ = {
			isa = PBXGroup;
			children = (
			);
			path = Extentions;
			sourceTree = "<group>";
		};
		CD959A9626E397EC00F31FAA = {
			isa = PBXGroup;
			children = (
				CD959AA126E397EC00F31FAA /* LipaPlanner */,
				CD959AA026E397EC00F31FAA /* Products */,
				41627A059738FCD905375E55 /* Pods */,
				4FDFC2222530092B2BD3106F /* Frameworks */,
			);
			sourceTree = "<group>";
		};
		CD959AA026E397EC00F31FAA /* Products */ = {
			isa = PBXGroup;
			children = (
				CD959A9F26E397EC00F31FAA /* LipaPlanner.app */,
			);
			name = Products;
			sourceTree = "<group>";
		};
		CD959AA126E397EC00F31FAA /* LipaPlanner */ = {
			isa = PBXGroup;
			children = (
				CD04EF8926E39CD5002CA116 /* Source */,
				CD959AA226E397EC00F31FAA /* LipaPlannerApp.swift */,
				CD959AA626E397EF00F31FAA /* Assets.xcassets */,
				CD959AAB26E397EF00F31FAA /* Info.plist */,
				CDF0EA9426EBC0FD0022A9EB /* ApiKeys.plist */,
				CD959AA826E397EF00F31FAA /* Preview Content */,
			);
			path = LipaPlanner;
			sourceTree = "<group>";
		};
		CD959AA826E397EF00F31FAA /* Preview Content */ = {
			isa = PBXGroup;
			children = (
				CD959AA926E397EF00F31FAA /* Preview Assets.xcassets */,
			);
			path = "Preview Content";
			sourceTree = "<group>";
		};
		CDD6A6D226E9C99700BCA1E8 /* Views */ = {
			isa = PBXGroup;
			children = (
				CD66CE5726E727F90011828A /* TextInput.swift */,
			);
			path = Views;
			sourceTree = "<group>";
		};
		CDD6A6D526EB173000BCA1E8 /* Constants */ = {
			isa = PBXGroup;
			children = (
				CDD6A6D626EB174500BCA1E8 /* Colors.swift */,
			);
			path = Constants;
			sourceTree = "<group>";
		};
		CDF0EA9A26FAD8590022A9EB /* Gateways */ = {
			isa = PBXGroup;
			children = (
				CDF0EA9B26FAD9130022A9EB /* RaspSuggestGateway.swift */,
			);
			path = Gateways;
			sourceTree = "<group>";
		};
		CDF0EA9D26FADB010022A9EB /* Entities */ = {
			isa = PBXGroup;
			children = (
				CDF0EAA026FADBC80022A9EB /* RaspSuggestedItem.swift */,
				CDF0EAA226FADFEC0022A9EB /* RaspSuggestedResponse.swift */,
			);
			path = Entities;
			sourceTree = "<group>";
		};
		CDF0EAA426FAE3AD0022A9EB /* ViewModels */ = {
			isa = PBXGroup;
			children = (
				CDF0EAA526FAE3C40022A9EB /* TrainSuggestViewModel.swift */,
			);
			path = ViewModels;
			sourceTree = "<group>";
		};
/* End PBXGroup section */

/* Begin PBXNativeTarget section */
		CD959A9E26E397EC00F31FAA /* LipaPlanner */ = {
			isa = PBXNativeTarget;
			buildConfigurationList = CD959AAE26E397EF00F31FAA /* Build configuration list for PBXNativeTarget "LipaPlanner" */;
			buildPhases = (
				57F941974F037D5631F181B3 /* [CP] Check Pods Manifest.lock */,
				CD959A9B26E397EC00F31FAA /* Sources */,
				CD959A9C26E397EC00F31FAA /* Frameworks */,
				CD959A9D26E397EC00F31FAA /* Resources */,
				8C5B6E65FBB035DA9D6DC834 /* [CP] Embed Pods Frameworks */,
			);
			buildRules = (
			);
			dependencies = (
			);
			name = LipaPlanner;
			packageProductDependencies = (
				CD0B8C78270B1271002247E8 /* PartialSheet */,
			);
			productName = LipaPlanner;
			productReference = CD959A9F26E397EC00F31FAA /* LipaPlanner.app */;
			productType = "com.apple.product-type.application";
		};
/* End PBXNativeTarget section */

/* Begin PBXProject section */
		CD959A9726E397EC00F31FAA /* Project object */ = {
			isa = PBXProject;
			attributes = {
				LastSwiftUpdateCheck = 1250;
				LastUpgradeCheck = 1250;
				TargetAttributes = {
					CD959A9E26E397EC00F31FAA = {
						CreatedOnToolsVersion = 12.5.1;
					};
				};
			};
			buildConfigurationList = CD959A9A26E397EC00F31FAA /* Build configuration list for PBXProject "LipaPlanner" */;
			compatibilityVersion = "Xcode 9.3";
			developmentRegion = en;
			hasScannedForEncodings = 0;
			knownRegions = (
				en,
				Base,
			);
			mainGroup = CD959A9626E397EC00F31FAA;
			packageReferences = (
				CD0B8C77270B1271002247E8 /* XCRemoteSwiftPackageReference "PartialSheet" */,
			);
			productRefGroup = CD959AA026E397EC00F31FAA /* Products */;
			projectDirPath = "";
			projectRoot = "";
			targets = (
				CD959A9E26E397EC00F31FAA /* LipaPlanner */,
			);
		};
/* End PBXProject section */

/* Begin PBXResourcesBuildPhase section */
		CD959A9D26E397EC00F31FAA /* Resources */ = {
			isa = PBXResourcesBuildPhase;
			buildActionMask = 2147483647;
			files = (
				CD959AAA26E397EF00F31FAA /* Preview Assets.xcassets in Resources */,
				CD959AA726E397EF00F31FAA /* Assets.xcassets in Resources */,
				CDF0EA9526EBC0FD0022A9EB /* ApiKeys.plist in Resources */,
			);
			runOnlyForDeploymentPostprocessing = 0;
		};
/* End PBXResourcesBuildPhase section */

/* Begin PBXShellScriptBuildPhase section */
		57F941974F037D5631F181B3 /* [CP] Check Pods Manifest.lock */ = {
			isa = PBXShellScriptBuildPhase;
			buildActionMask = 2147483647;
			files = (
			);
			inputFileListPaths = (
			);
			inputPaths = (
				"${PODS_PODFILE_DIR_PATH}/Podfile.lock",
				"${PODS_ROOT}/Manifest.lock",
			);
			name = "[CP] Check Pods Manifest.lock";
			outputFileListPaths = (
			);
			outputPaths = (
				"$(DERIVED_FILE_DIR)/Pods-LipaPlanner-checkManifestLockResult.txt",
			);
			runOnlyForDeploymentPostprocessing = 0;
			shellPath = /bin/sh;
			shellScript = "diff \"${PODS_PODFILE_DIR_PATH}/Podfile.lock\" \"${PODS_ROOT}/Manifest.lock\" > /dev/null\nif [ $? != 0 ] ; then\n    # print error to STDERR\n    echo \"error: The sandbox is not in sync with the Podfile.lock. Run 'pod install' or update your CocoaPods installation.\" >&2\n    exit 1\nfi\n# This output is used by Xcode 'outputs' to avoid re-running this script phase.\necho \"SUCCESS\" > \"${SCRIPT_OUTPUT_FILE_0}\"\n";
			showEnvVarsInLog = 0;
		};
		8C5B6E65FBB035DA9D6DC834 /* [CP] Embed Pods Frameworks */ = {
			isa = PBXShellScriptBuildPhase;
			buildActionMask = 2147483647;
			files = (
			);
			inputFileListPaths = (
				"${PODS_ROOT}/Target Support Files/Pods-LipaPlanner/Pods-LipaPlanner-frameworks-${CONFIGURATION}-input-files.xcfilelist",
			);
			name = "[CP] Embed Pods Frameworks";
			outputFileListPaths = (
				"${PODS_ROOT}/Target Support Files/Pods-LipaPlanner/Pods-LipaPlanner-frameworks-${CONFIGURATION}-output-files.xcfilelist",
			);
			runOnlyForDeploymentPostprocessing = 0;
			shellPath = /bin/sh;
			shellScript = "\"${PODS_ROOT}/Target Support Files/Pods-LipaPlanner/Pods-LipaPlanner-frameworks.sh\"\n";
			showEnvVarsInLog = 0;
		};
/* End PBXShellScriptBuildPhase section */

/* Begin PBXSourcesBuildPhase section */
		CD959A9B26E397EC00F31FAA /* Sources */ = {
			isa = PBXSourcesBuildPhase;
			buildActionMask = 2147483647;
			files = (
				CDF0EAA626FAE3C40022A9EB /* TrainSuggestViewModel.swift in Sources */,
				CD04EF9D26E3A6C7002CA116 /* FiltersView.swift in Sources */,
				CD66CE5626E71E860011828A /* TrainSuggest.swift in Sources */,
				CD66CE4B26E4A3AE0011828A /* DateSelectorButton.swift in Sources */,
				CD04EF9626E3A3C7002CA116 /* RootTabs.swift in Sources */,
				CD04EFA026E3A764002CA116 /* SearchHistoryView.swift in Sources */,
				CD959AA326E397EC00F31FAA /* LipaPlannerApp.swift in Sources */,
				CDF0EAA326FADFEC0022A9EB /* RaspSuggestedResponse.swift in Sources */,
				CD66CE4926E49E3B0011828A /* SelectorButton.swift in Sources */,
				CDF0EA9926F837F60022A9EB /* isIpod7.swift in Sources */,
				CD66CE5226E628CF0011828A /* InputButton.swift in Sources */,
				CD0B8C702709B109002247E8 /* QueryBuilder.swift in Sources */,
				CDD6A6D726EB174500BCA1E8 /* Colors.swift in Sources */,
				CD66CE5826E727F90011828A /* TextInput.swift in Sources */,
				CDF0EA9C26FAD9130022A9EB /* RaspSuggestGateway.swift in Sources */,
				CD04EF9826E3A4C5002CA116 /* SearchScreen.swift in Sources */,
				CDF0EAA126FADBC80022A9EB /* RaspSuggestedItem.swift in Sources */,
				CD0B8C6C2709B07F002247E8 /* FiltersViewModel.swift in Sources */,
				CD66CE4D26E4AA2A0011828A /* ActionButton.swift in Sources */,
				CD0B8C752709C30C002247E8 /* Date+iso8601.swift in Sources */,
			);
			runOnlyForDeploymentPostprocessing = 0;
		};
/* End PBXSourcesBuildPhase section */

/* Begin XCBuildConfiguration section */
		CD959AAC26E397EF00F31FAA /* Debug */ = {
			isa = XCBuildConfiguration;
			buildSettings = {
				ALWAYS_SEARCH_USER_PATHS = NO;
				CLANG_ANALYZER_NONNULL = YES;
				CLANG_ANALYZER_NUMBER_OBJECT_CONVERSION = YES_AGGRESSIVE;
				CLANG_CXX_LANGUAGE_STANDARD = "gnu++14";
				CLANG_CXX_LIBRARY = "libc++";
				CLANG_ENABLE_MODULES = YES;
				CLANG_ENABLE_OBJC_ARC = YES;
				CLANG_ENABLE_OBJC_WEAK = YES;
				CLANG_WARN_BLOCK_CAPTURE_AUTORELEASING = YES;
				CLANG_WARN_BOOL_CONVERSION = YES;
				CLANG_WARN_COMMA = YES;
				CLANG_WARN_CONSTANT_CONVERSION = YES;
				CLANG_WARN_DEPRECATED_OBJC_IMPLEMENTATIONS = YES;
				CLANG_WARN_DIRECT_OBJC_ISA_USAGE = YES_ERROR;
				CLANG_WARN_DOCUMENTATION_COMMENTS = YES;
				CLANG_WARN_EMPTY_BODY = YES;
				CLANG_WARN_ENUM_CONVERSION = YES;
				CLANG_WARN_INFINITE_RECURSION = YES;
				CLANG_WARN_INT_CONVERSION = YES;
				CLANG_WARN_NON_LITERAL_NULL_CONVERSION = YES;
				CLANG_WARN_OBJC_IMPLICIT_RETAIN_SELF = YES;
				CLANG_WARN_OBJC_LITERAL_CONVERSION = YES;
				CLANG_WARN_OBJC_ROOT_CLASS = YES_ERROR;
				CLANG_WARN_QUOTED_INCLUDE_IN_FRAMEWORK_HEADER = YES;
				CLANG_WARN_RANGE_LOOP_ANALYSIS = YES;
				CLANG_WARN_STRICT_PROTOTYPES = YES;
				CLANG_WARN_SUSPICIOUS_MOVE = YES;
				CLANG_WARN_UNGUARDED_AVAILABILITY = YES_AGGRESSIVE;
				CLANG_WARN_UNREACHABLE_CODE = YES;
				CLANG_WARN__DUPLICATE_METHOD_MATCH = YES;
				COPY_PHASE_STRIP = NO;
				DEBUG_INFORMATION_FORMAT = dwarf;
				ENABLE_STRICT_OBJC_MSGSEND = YES;
				ENABLE_TESTABILITY = YES;
				GCC_C_LANGUAGE_STANDARD = gnu11;
				GCC_DYNAMIC_NO_PIC = NO;
				GCC_NO_COMMON_BLOCKS = YES;
				GCC_OPTIMIZATION_LEVEL = 0;
				GCC_PREPROCESSOR_DEFINITIONS = (
					"DEBUG=1",
					"$(inherited)",
				);
				GCC_WARN_64_TO_32_BIT_CONVERSION = YES;
				GCC_WARN_ABOUT_RETURN_TYPE = YES_ERROR;
				GCC_WARN_UNDECLARED_SELECTOR = YES;
				GCC_WARN_UNINITIALIZED_AUTOS = YES_AGGRESSIVE;
				GCC_WARN_UNUSED_FUNCTION = YES;
				GCC_WARN_UNUSED_VARIABLE = YES;
				IPHONEOS_DEPLOYMENT_TARGET = 14.5;
				MTL_ENABLE_DEBUG_INFO = INCLUDE_SOURCE;
				MTL_FAST_MATH = YES;
				ONLY_ACTIVE_ARCH = YES;
				SDKROOT = iphoneos;
				SWIFT_ACTIVE_COMPILATION_CONDITIONS = DEBUG;
				SWIFT_OPTIMIZATION_LEVEL = "-Onone";
			};
			name = Debug;
		};
		CD959AAD26E397EF00F31FAA /* Release */ = {
			isa = XCBuildConfiguration;
			buildSettings = {
				ALWAYS_SEARCH_USER_PATHS = NO;
				CLANG_ANALYZER_NONNULL = YES;
				CLANG_ANALYZER_NUMBER_OBJECT_CONVERSION = YES_AGGRESSIVE;
				CLANG_CXX_LANGUAGE_STANDARD = "gnu++14";
				CLANG_CXX_LIBRARY = "libc++";
				CLANG_ENABLE_MODULES = YES;
				CLANG_ENABLE_OBJC_ARC = YES;
				CLANG_ENABLE_OBJC_WEAK = YES;
				CLANG_WARN_BLOCK_CAPTURE_AUTORELEASING = YES;
				CLANG_WARN_BOOL_CONVERSION = YES;
				CLANG_WARN_COMMA = YES;
				CLANG_WARN_CONSTANT_CONVERSION = YES;
				CLANG_WARN_DEPRECATED_OBJC_IMPLEMENTATIONS = YES;
				CLANG_WARN_DIRECT_OBJC_ISA_USAGE = YES_ERROR;
				CLANG_WARN_DOCUMENTATION_COMMENTS = YES;
				CLANG_WARN_EMPTY_BODY = YES;
				CLANG_WARN_ENUM_CONVERSION = YES;
				CLANG_WARN_INFINITE_RECURSION = YES;
				CLANG_WARN_INT_CONVERSION = YES;
				CLANG_WARN_NON_LITERAL_NULL_CONVERSION = YES;
				CLANG_WARN_OBJC_IMPLICIT_RETAIN_SELF = YES;
				CLANG_WARN_OBJC_LITERAL_CONVERSION = YES;
				CLANG_WARN_OBJC_ROOT_CLASS = YES_ERROR;
				CLANG_WARN_QUOTED_INCLUDE_IN_FRAMEWORK_HEADER = YES;
				CLANG_WARN_RANGE_LOOP_ANALYSIS = YES;
				CLANG_WARN_STRICT_PROTOTYPES = YES;
				CLANG_WARN_SUSPICIOUS_MOVE = YES;
				CLANG_WARN_UNGUARDED_AVAILABILITY = YES_AGGRESSIVE;
				CLANG_WARN_UNREACHABLE_CODE = YES;
				CLANG_WARN__DUPLICATE_METHOD_MATCH = YES;
				COPY_PHASE_STRIP = NO;
				DEBUG_INFORMATION_FORMAT = "dwarf-with-dsym";
				ENABLE_NS_ASSERTIONS = NO;
				ENABLE_STRICT_OBJC_MSGSEND = YES;
				GCC_C_LANGUAGE_STANDARD = gnu11;
				GCC_NO_COMMON_BLOCKS = YES;
				GCC_WARN_64_TO_32_BIT_CONVERSION = YES;
				GCC_WARN_ABOUT_RETURN_TYPE = YES_ERROR;
				GCC_WARN_UNDECLARED_SELECTOR = YES;
				GCC_WARN_UNINITIALIZED_AUTOS = YES_AGGRESSIVE;
				GCC_WARN_UNUSED_FUNCTION = YES;
				GCC_WARN_UNUSED_VARIABLE = YES;
				IPHONEOS_DEPLOYMENT_TARGET = 14.5;
				MTL_ENABLE_DEBUG_INFO = NO;
				MTL_FAST_MATH = YES;
				SDKROOT = iphoneos;
				SWIFT_COMPILATION_MODE = wholemodule;
				SWIFT_OPTIMIZATION_LEVEL = "-O";
				VALIDATE_PRODUCT = YES;
			};
			name = Release;
		};
		CD959AAF26E397EF00F31FAA /* Debug */ = {
			isa = XCBuildConfiguration;
			baseConfigurationReference = 557D92D72E46DBB81A2305D5 /* Pods-LipaPlanner.debug.xcconfig */;
			buildSettings = {
				ASSETCATALOG_COMPILER_APPICON_NAME = AppIcon;
				ASSETCATALOG_COMPILER_GLOBAL_ACCENT_COLOR_NAME = AccentColor;
				CODE_SIGN_IDENTITY = "iPhone Developer";
				CODE_SIGN_STYLE = Manual;
				DEVELOPMENT_ASSET_PATHS = "\"LipaPlanner/Preview Content\"";
				DEVELOPMENT_TEAM = D983Q7J5Y7;
				ENABLE_PREVIEWS = YES;
				INFOPLIST_FILE = LipaPlanner/Info.plist;
				INFOPLIST_KEY_UIUserInterfaceStyle = Dark;
				IPHONEOS_DEPLOYMENT_TARGET = 14.0;
				LD_RUNPATH_SEARCH_PATHS = (
					"$(inherited)",
					"@executable_path/Frameworks",
				);
				PRODUCT_BUNDLE_IDENTIFIER = ru.lipaplanner;
				PRODUCT_NAME = "$(TARGET_NAME)";
				PROVISIONING_PROFILE_SPECIFIER = lipa_dev_all;
				SWIFT_VERSION = 5.0;
				TARGETED_DEVICE_FAMILY = "1,2";
			};
			name = Debug;
		};
		CD959AB026E397EF00F31FAA /* Release */ = {
			isa = XCBuildConfiguration;
			baseConfigurationReference = 1832620EF5BFD42EEC0DD95F /* Pods-LipaPlanner.release.xcconfig */;
			buildSettings = {
				ASSETCATALOG_COMPILER_APPICON_NAME = AppIcon;
				ASSETCATALOG_COMPILER_GLOBAL_ACCENT_COLOR_NAME = AccentColor;
				CODE_SIGN_IDENTITY = "iPhone Distribution";
				CODE_SIGN_STYLE = Manual;
				DEVELOPMENT_ASSET_PATHS = "\"LipaPlanner/Preview Content\"";
				DEVELOPMENT_TEAM = D983Q7J5Y7;
				ENABLE_PREVIEWS = YES;
				INFOPLIST_FILE = LipaPlanner/Info.plist;
				INFOPLIST_KEY_UIUserInterfaceStyle = Dark;
				IPHONEOS_DEPLOYMENT_TARGET = 14.0;
				LD_RUNPATH_SEARCH_PATHS = (
					"$(inherited)",
					"@executable_path/Frameworks",
				);
				PRODUCT_BUNDLE_IDENTIFIER = ru.lipaplanner;
				PRODUCT_NAME = "$(TARGET_NAME)";
				PROVISIONING_PROFILE_SPECIFIER = lipa_appstore;
				SWIFT_VERSION = 5.0;
				TARGETED_DEVICE_FAMILY = "1,2";
			};
			name = Release;
		};
/* End XCBuildConfiguration section */

/* Begin XCConfigurationList section */
		CD959A9A26E397EC00F31FAA /* Build configuration list for PBXProject "LipaPlanner" */ = {
			isa = XCConfigurationList;
			buildConfigurations = (
				CD959AAC26E397EF00F31FAA /* Debug */,
				CD959AAD26E397EF00F31FAA /* Release */,
			);
			defaultConfigurationIsVisible = 0;
			defaultConfigurationName = Release;
		};
		CD959AAE26E397EF00F31FAA /* Build configuration list for PBXNativeTarget "LipaPlanner" */ = {
			isa = XCConfigurationList;
			buildConfigurations = (
				CD959AAF26E397EF00F31FAA /* Debug */,
				CD959AB026E397EF00F31FAA /* Release */,
			);
			defaultConfigurationIsVisible = 0;
			defaultConfigurationName = Release;
		};
/* End XCConfigurationList section */

/* Begin XCRemoteSwiftPackageReference section */
		CD0B8C77270B1271002247E8 /* XCRemoteSwiftPackageReference "PartialSheet" */ = {
			isa = XCRemoteSwiftPackageReference;
			repositoryURL = "https://github.com/AndreaMiotto/PartialSheet";
			requirement = {
				kind = upToNextMajorVersion;
				minimumVersion = 2.0.0;
			};
		};
/* End XCRemoteSwiftPackageReference section */

/* Begin XCSwiftPackageProductDependency section */
		CD0B8C78270B1271002247E8 /* PartialSheet */ = {
			isa = XCSwiftPackageProductDependency;
			package = CD0B8C77270B1271002247E8 /* XCRemoteSwiftPackageReference "PartialSheet" */;
			productName = PartialSheet;
		};
/* End XCSwiftPackageProductDependency section */
	};
	rootObject = CD959A9726E397EC00F31FAA /* Project object */;
}
